
Microsoft Visual Studio Solution File, Format Version 12.00
# Visual Studio 15
VisualStudioVersion = 15.0.27703.2042
MinimumVisualStudioVersion = 10.0.40219.1
Project("{8BC9CEB8-8B4A-11D0-8D11-00A0C91BC942}") = "Swap", "Swap\Swap.vcxproj", "{490FC127-67D2-4393-AFF9-36E072470736}"
EndProject
Global
	GlobalSection(SolutionConfigurationPlatforms) = preSolution
		Debug|x64 = Debug|x64
		Debug|x86 = Debug|x86
		Release|x64 = Release|x64
		Release|x86 = Release|x86
	EndGlobalSection
	GlobalSection(ProjectConfigurationPlatforms) = postSolution
		{490FC127-67D2-4393-AFF9-36E072470736}.Debug|x64.ActiveCfg = Debug|x64
		{490FC127-67D2-4393-AFF9-36E072470736}.Debug|x64.Build.0 = Debug|x64
		{490FC127-67D2-4393-AFF9-36E072470736}.Debug|x86.ActiveCfg = Debug|Win32
		{490FC127-67D2-4393-AFF9-36E072470736}.Debug|x86.Build.0 = Debug|Win32
		{490FC127-67D2-4393-AFF9-36E072470736}.Release|x64.ActiveCfg = Release|x64
		{490FC127-67D2-4393-AFF9-36E072470736}.Release|x64.Build.0 = Release|x64
		{490FC127-67D2-4393-AFF9-36E072470736}.Release|x86.ActiveCfg = Release|Win32
		{490FC127-67D2-4393-AFF9-36E072470736}.Release|x86.Build.0 = Release|Win32
	EndGlobalSection
	GlobalSection(SolutionProperties) = preSolution
		HideSolutionNode = FALSE
	EndGlobalSection
	GlobalSection(ExtensibilityGlobals) = postSolution
		SolutionGuid = {02D24738-00CF-4B20-8468-FB992D814693}
	EndGlobalSection
EndGlobal
